
Microsoft Visual Studio Solution File, Format Version 11.00
# Visual Studio 2010
Project("{FAE04EC0-301F-11D3-BF4B-00C04F79EFBC}") = "Assembly-CSharp", "Assembly-CSharp.csproj", "{D71C1C4A-5F12-F97D-DE94-A86B08DF34F9}"
EndProject
Project("{FAE04EC0-301F-11D3-BF4B-00C04F79EFBC}") = "Assembly-CSharp-Editor", "Assembly-CSharp-Editor.csproj", "{9CD11388-54FE-21CF-F22D-F72AD50AB7AE}"
EndProject
Global
	GlobalSection(SolutionConfigurationPlatforms) = preSolution
		Debug|Any CPU = Debug|Any CPU
		Release|Any CPU = Release|Any CPU
	EndGlobalSection
	GlobalSection(ProjectConfigurationPlatforms) = postSolution
		{D71C1C4A-5F12-F97D-DE94-A86B08DF34F9}.Debug|Any CPU.ActiveCfg = Debug|Any CPU
		{D71C1C4A-5F12-F97D-DE94-A86B08DF34F9}.Debug|Any CPU.Build.0 = Debug|Any CPU
		{D71C1C4A-5F12-F97D-DE94-A86B08DF34F9}.Release|Any CPU.ActiveCfg = Release|Any CPU
		{D71C1C4A-5F12-F97D-DE94-A86B08DF34F9}.Release|Any CPU.Build.0 = Release|Any CPU
		{9CD11388-54FE-21CF-F22D-F72AD50AB7AE}.Debug|Any CPU.ActiveCfg = Debug|Any CPU
		{9CD11388-54FE-21CF-F22D-F72AD50AB7AE}.Debug|Any CPU.Build.0 = Debug|Any CPU
		{9CD11388-54FE-21CF-F22D-F72AD50AB7AE}.Release|Any CPU.ActiveCfg = Release|Any CPU
		{9CD11388-54FE-21CF-F22D-F72AD50AB7AE}.Release|Any CPU.Build.0 = Release|Any CPU
	EndGlobalSection
	GlobalSection(SolutionProperties) = preSolution
		HideSolutionNode = FALSE
	EndGlobalSection
EndGlobal
